// !$*UTF8*$!
{
	archiveVersion = 1;
	classes = {
	};
	objectVersion = 56;
	objects = {

/* Begin PBXBuildFile section */
		055A45D670CAF6F1B9686D98 /* Assets.xcassets in Resources */ = {isa = PBXBuildFile; fileRef = 543664438AE1348564C08F9E /* Assets.xcassets */; };
		061259ECEC374AE660F74ED2 /* TuistAssets+GetOfferOfDream.swift in Sources */ = {isa = PBXBuildFile; fileRef = 61168711403256FFE57D65CC /* TuistAssets+GetOfferOfDream.swift */; };
		3436C42E9900E4C16A8FAA10 /* GetOfferUI.framework in Frameworks */ = {isa = PBXBuildFile; fileRef = 391FB9378DDBEE78EB7BCD09 /* GetOfferUI.framework */; };
		3A0FA0AF9B7E7E7B7B4EE11C /* GetOfferDI.framework in Frameworks */ = {isa = PBXBuildFile; fileRef = 0428132B48ACEA5A32F1D5A7 /* GetOfferDI.framework */; };
		5D0696D48A258F1041708F60 /* GetOfferCore.framework in Frameworks */ = {isa = PBXBuildFile; fileRef = E603F1E6173F00F2862F730A /* GetOfferCore.framework */; };
		70C856346CADD994FE287DB6 /* ViewController.swift in Sources */ = {isa = PBXBuildFile; fileRef = 3A1E453AA6EB44752D79884A /* ViewController.swift */; };
		7D62BD09784EB68C57D7F782 /* TuistBundle+GetOfferOfDream.swift in Sources */ = {isa = PBXBuildFile; fileRef = D057454B4348C2DE5D5C0E50 /* TuistBundle+GetOfferOfDream.swift */; };
		BB545ADCC3EBD198B5BBA6D7 /* AppDelegate.swift in Sources */ = {isa = PBXBuildFile; fileRef = 864C8E2356586284C25D5683 /* AppDelegate.swift */; };
		BFF5ED1E3E19FA2EAAF705A0 /* LaunchScreen.storyboard in Resources */ = {isa = PBXBuildFile; fileRef = A97A277AFBFE839936BDEB82 /* LaunchScreen.storyboard */; };
		F12850A972926F3DDDB48D8B /* GetOfferNetwork.framework in Frameworks */ = {isa = PBXBuildFile; fileRef = E3455DB4310368D370A25AB7 /* GetOfferNetwork.framework */; };
/* End PBXBuildFile section */

/* Begin PBXCopyFilesBuildPhase section */
		29E3C401810B27156A002461 /* Embed Frameworks */ = {
			isa = PBXCopyFilesBuildPhase;
			buildActionMask = 2147483647;
			dstPath = "";
			dstSubfolderSpec = 10;
			files = (
			);
			name = "Embed Frameworks";
			runOnlyForDeploymentPostprocessing = 0;
		};
/* End PBXCopyFilesBuildPhase section */

/* Begin PBXFileReference section */
		0428132B48ACEA5A32F1D5A7 /* GetOfferDI.framework */ = {isa = PBXFileReference; explicitFileType = wrapper.framework; includeInIndex = 0; path = GetOfferDI.framework; sourceTree = BUILT_PRODUCTS_DIR; };
		30C2381687898230DC15C730 /* getOfferOfDream.app */ = {isa = PBXFileReference; explicitFileType = wrapper.application; includeInIndex = 0; path = getOfferOfDream.app; sourceTree = BUILT_PRODUCTS_DIR; };
		391FB9378DDBEE78EB7BCD09 /* GetOfferUI.framework */ = {isa = PBXFileReference; explicitFileType = wrapper.framework; includeInIndex = 0; path = GetOfferUI.framework; sourceTree = BUILT_PRODUCTS_DIR; };
		3A1E453AA6EB44752D79884A /* ViewController.swift */ = {isa = PBXFileReference; lastKnownFileType = sourcecode.swift; path = ViewController.swift; sourceTree = "<group>"; };
		543664438AE1348564C08F9E /* Assets.xcassets */ = {isa = PBXFileReference; lastKnownFileType = folder.assetcatalog; path = Assets.xcassets; sourceTree = "<group>"; };
		61168711403256FFE57D65CC /* TuistAssets+GetOfferOfDream.swift */ = {isa = PBXFileReference; lastKnownFileType = sourcecode.swift; path = "TuistAssets+GetOfferOfDream.swift"; sourceTree = "<group>"; };
		655F7D99ABB48C6CF391182D /* Info.plist */ = {isa = PBXFileReference; lastKnownFileType = text.plist; path = Info.plist; sourceTree = "<group>"; };
		7FF7778098183F13FA21EEFD /* Base */ = {isa = PBXFileReference; lastKnownFileType = file.storyboard; name = Base; path = Base.lproj/LaunchScreen.storyboard; sourceTree = "<group>"; };
		864C8E2356586284C25D5683 /* AppDelegate.swift */ = {isa = PBXFileReference; lastKnownFileType = sourcecode.swift; path = AppDelegate.swift; sourceTree = "<group>"; };
		D057454B4348C2DE5D5C0E50 /* TuistBundle+GetOfferOfDream.swift */ = {isa = PBXFileReference; lastKnownFileType = sourcecode.swift; path = "TuistBundle+GetOfferOfDream.swift"; sourceTree = "<group>"; };
		E3455DB4310368D370A25AB7 /* GetOfferNetwork.framework */ = {isa = PBXFileReference; explicitFileType = wrapper.framework; includeInIndex = 0; path = GetOfferNetwork.framework; sourceTree = BUILT_PRODUCTS_DIR; };
		E603F1E6173F00F2862F730A /* GetOfferCore.framework */ = {isa = PBXFileReference; explicitFileType = wrapper.framework; includeInIndex = 0; path = GetOfferCore.framework; sourceTree = BUILT_PRODUCTS_DIR; };
/* End PBXFileReference section */

/* Begin PBXFrameworksBuildPhase section */
		68FEDBC99A614C68950115BF /* Frameworks */ = {
			isa = PBXFrameworksBuildPhase;
			buildActionMask = 2147483647;
			files = (
				5D0696D48A258F1041708F60 /* GetOfferCore.framework in Frameworks */,
				3A0FA0AF9B7E7E7B7B4EE11C /* GetOfferDI.framework in Frameworks */,
				F12850A972926F3DDDB48D8B /* GetOfferNetwork.framework in Frameworks */,
				3436C42E9900E4C16A8FAA10 /* GetOfferUI.framework in Frameworks */,
			);
			runOnlyForDeploymentPostprocessing = 0;
		};
/* End PBXFrameworksBuildPhase section */

/* Begin PBXGroup section */
		05B9F2F4857177B92C179975 /* Project */ = {
			isa = PBXGroup;
			children = (
				EC08AA631F5EEE8D035682D5 /* Derived */,
				D5430076A018E8BBA0C1E637 /* getOfferOfDream */,
			);
			name = Project;
			sourceTree = "<group>";
		};
		1002CC2824630239145B68D2 /* Resources */ = {
			isa = PBXGroup;
			children = (
				A97A277AFBFE839936BDEB82 /* LaunchScreen.storyboard */,
				543664438AE1348564C08F9E /* Assets.xcassets */,
			);
			path = Resources;
			sourceTree = "<group>";
		};
		257864072D848EBBF2DCCA4A /* Sources */ = {
			isa = PBXGroup;
			children = (
				BBEE6B647D8FC28961929B26 /* App */,
				3A1E453AA6EB44752D79884A /* ViewController.swift */,
			);
			path = Sources;
			sourceTree = "<group>";
		};
		30C23F549C8380340B15B9BC /* Products */ = {
			isa = PBXGroup;
			children = (
				E603F1E6173F00F2862F730A /* GetOfferCore.framework */,
				0428132B48ACEA5A32F1D5A7 /* GetOfferDI.framework */,
				E3455DB4310368D370A25AB7 /* GetOfferNetwork.framework */,
				30C2381687898230DC15C730 /* getOfferOfDream.app */,
				391FB9378DDBEE78EB7BCD09 /* GetOfferUI.framework */,
			);
			name = Products;
			sourceTree = "<group>";
		};
		5A25E9EA7807958F6C18D003 = {
			isa = PBXGroup;
			children = (
				05B9F2F4857177B92C179975 /* Project */,
				BBD0AE6E7132159FA608C6BA /* Frameworks */,
				30C23F549C8380340B15B9BC /* Products */,
			);
			sourceTree = "<group>";
		};
		BBD0AE6E7132159FA608C6BA /* Frameworks */ = {
			isa = PBXGroup;
			children = (
			);
			name = Frameworks;
			sourceTree = "<group>";
		};
		BBEE6B647D8FC28961929B26 /* App */ = {
			isa = PBXGroup;
			children = (
				864C8E2356586284C25D5683 /* AppDelegate.swift */,
			);
			path = App;
			sourceTree = "<group>";
		};
		D5430076A018E8BBA0C1E637 /* getOfferOfDream */ = {
			isa = PBXGroup;
			children = (
				1002CC2824630239145B68D2 /* Resources */,
				257864072D848EBBF2DCCA4A /* Sources */,
				655F7D99ABB48C6CF391182D /* Info.plist */,
			);
			path = getOfferOfDream;
			sourceTree = "<group>";
		};
		DDFA85702E62990A7F8DB0F7 /* Sources */ = {
			isa = PBXGroup;
			children = (
				61168711403256FFE57D65CC /* TuistAssets+GetOfferOfDream.swift */,
				D057454B4348C2DE5D5C0E50 /* TuistBundle+GetOfferOfDream.swift */,
			);
			path = Sources;
			sourceTree = "<group>";
		};
		EC08AA631F5EEE8D035682D5 /* Derived */ = {
			isa = PBXGroup;
			children = (
				DDFA85702E62990A7F8DB0F7 /* Sources */,
			);
			path = Derived;
			sourceTree = "<group>";
		};
/* End PBXGroup section */

/* Begin PBXNativeTarget section */
		DC49FC1B417C309F7EE87AD4 /* getOfferOfDream */ = {
			isa = PBXNativeTarget;
			buildConfigurationList = AFF069B5DC6EB9FC85B4D92E /* Build configuration list for PBXNativeTarget "getOfferOfDream" */;
			buildPhases = (
				369AD5997E65EB9BE24156DD /* Sources */,
				067D68C8F09B8AF1F3D9908F /* Resources */,
				29E3C401810B27156A002461 /* Embed Frameworks */,
				68FEDBC99A614C68950115BF /* Frameworks */,
			);
			buildRules = (
			);
			dependencies = (
			);
			name = getOfferOfDream;
			productName = getOfferOfDream;
			productReference = 30C2381687898230DC15C730 /* getOfferOfDream.app */;
			productType = "com.apple.product-type.application";
		};
/* End PBXNativeTarget section */

/* Begin PBXProject section */
		BBC4F70DBEC0F4D09450DEEA /* Project object */ = {
			isa = PBXProject;
			attributes = {
				BuildIndependentTargetsInParallel = YES;
			};
			buildConfigurationList = 417F255DFE919FCC3DE3D548 /* Build configuration list for PBXProject "getOfferOfDream" */;
			compatibilityVersion = "Xcode 14.0";
			developmentRegion = en;
			hasScannedForEncodings = 0;
			knownRegions = (
				Base,
				en,
			);
			mainGroup = 5A25E9EA7807958F6C18D003;
			productRefGroup = 30C23F549C8380340B15B9BC /* Products */;
			projectDirPath = "";
			projectRoot = "";
			targets = (
				DC49FC1B417C309F7EE87AD4 /* getOfferOfDream */,
			);
		};
/* End PBXProject section */

/* Begin PBXResourcesBuildPhase section */
		067D68C8F09B8AF1F3D9908F /* Resources */ = {
			isa = PBXResourcesBuildPhase;
			buildActionMask = 2147483647;
			files = (
				055A45D670CAF6F1B9686D98 /* Assets.xcassets in Resources */,
				BFF5ED1E3E19FA2EAAF705A0 /* LaunchScreen.storyboard in Resources */,
			);
			runOnlyForDeploymentPostprocessing = 0;
		};
/* End PBXResourcesBuildPhase section */

/* Begin PBXSourcesBuildPhase section */
		369AD5997E65EB9BE24156DD /* Sources */ = {
			isa = PBXSourcesBuildPhase;
			buildActionMask = 2147483647;
			files = (
				061259ECEC374AE660F74ED2 /* TuistAssets+GetOfferOfDream.swift in Sources */,
				7D62BD09784EB68C57D7F782 /* TuistBundle+GetOfferOfDream.swift in Sources */,
				BB545ADCC3EBD198B5BBA6D7 /* AppDelegate.swift in Sources */,
				70C856346CADD994FE287DB6 /* ViewController.swift in Sources */,
			);
			runOnlyForDeploymentPostprocessing = 0;
		};
/* End PBXSourcesBuildPhase section */

/* Begin PBXVariantGroup section */
		A97A277AFBFE839936BDEB82 /* LaunchScreen.storyboard */ = {
			isa = PBXVariantGroup;
			children = (
				7FF7778098183F13FA21EEFD /* Base */,
			);
			name = LaunchScreen.storyboard;
			sourceTree = "<group>";
		};
/* End PBXVariantGroup section */

/* Begin XCBuildConfiguration section */
		0A9CAE85F0AD37B1E12BECE1 /* Debug */ = {
			isa = XCBuildConfiguration;
			buildSettings = {
				ASSETCATALOG_COMPILER_APPICON_NAME = AppIcon;
				CODE_SIGN_IDENTITY = "iPhone Developer";
				ENABLE_PREVIEWS = YES;
				INFOPLIST_FILE = getOfferOfDream/Info.plist;
				IPHONEOS_DEPLOYMENT_TARGET = 15.0;
				LD_RUNPATH_SEARCH_PATHS = (
					"$(inherited)",
					"@executable_path/Frameworks",
				);
				PRODUCT_BUNDLE_IDENTIFIER = roman.boiko.getOfferOfDream;
				PRODUCT_NAME = getOfferOfDream;
				SDKROOT = iphoneos;
				SUPPORTS_MACCATALYST = NO;
				SUPPORTS_MAC_DESIGNED_FOR_IPHONE_IPAD = YES;
				SUPPORTS_XR_DESIGNED_FOR_IPHONE_IPAD = NO;
				SWIFT_ACTIVE_COMPILATION_CONDITIONS = DEBUG;
				SWIFT_COMPILATION_MODE = singlefile;
				SWIFT_OPTIMIZATION_LEVEL = "-Onone";
				SWIFT_VERSION = 5.0;
				TARGETED_DEVICE_FAMILY = 1;
			};
			name = Debug;
		};
		3B5B54EAA5F659D837C9F9E2 /* Release */ = {
			isa = XCBuildConfiguration;
			buildSettings = {
				ASSETCATALOG_COMPILER_APPICON_NAME = AppIcon;
				CODE_SIGN_IDENTITY = "iPhone Developer";
				ENABLE_PREVIEWS = YES;
				INFOPLIST_FILE = getOfferOfDream/Info.plist;
				IPHONEOS_DEPLOYMENT_TARGET = 15.0;
				LD_RUNPATH_SEARCH_PATHS = (
					"$(inherited)",
					"@executable_path/Frameworks",
				);
				PRODUCT_BUNDLE_IDENTIFIER = roman.boiko.getOfferOfDream;
				PRODUCT_NAME = getOfferOfDream;
				SDKROOT = iphoneos;
				SUPPORTS_MACCATALYST = NO;
				SUPPORTS_MAC_DESIGNED_FOR_IPHONE_IPAD = YES;
				SUPPORTS_XR_DESIGNED_FOR_IPHONE_IPAD = NO;
				SWIFT_COMPILATION_MODE = wholemodule;
				SWIFT_OPTIMIZATION_LEVEL = "-Owholemodule";
				SWIFT_VERSION = 5.0;
				TARGETED_DEVICE_FAMILY = 1;
			};
			name = Release;
		};
		4FBE04597A8BD4371861EF23 /* Release */ = {
			isa = XCBuildConfiguration;
			buildSettings = {
				ALWAYS_SEARCH_USER_PATHS = NO;
				CLANG_ANALYZER_LOCALIZABILITY_NONLOCALIZED = YES;
				CLANG_ANALYZER_NONNULL = YES;
				CLANG_ANALYZER_NUMBER_OBJECT_CONVERSION = YES_AGGRESSIVE;
				CLANG_CXX_LANGUAGE_STANDARD = "gnu++14";
				CLANG_CXX_LIBRARY = "libc++";
				CLANG_ENABLE_MODULES = YES;
				CLANG_ENABLE_OBJC_ARC = YES;
				CLANG_ENABLE_OBJC_WEAK = YES;
				CLANG_WARN_BLOCK_CAPTURE_AUTORELEASING = YES;
				CLANG_WARN_BOOL_CONVERSION = YES;
				CLANG_WARN_COMMA = YES;
				CLANG_WARN_CONSTANT_CONVERSION = YES;
				CLANG_WARN_DEPRECATED_OBJC_IMPLEMENTATIONS = YES;
				CLANG_WARN_DIRECT_OBJC_ISA_USAGE = YES_ERROR;
				CLANG_WARN_DOCUMENTATION_COMMENTS = YES;
				CLANG_WARN_EMPTY_BODY = YES;
				CLANG_WARN_ENUM_CONVERSION = YES;
				CLANG_WARN_INFINITE_RECURSION = YES;
				CLANG_WARN_INT_CONVERSION = YES;
				CLANG_WARN_NON_LITERAL_NULL_CONVERSION = YES;
				CLANG_WARN_OBJC_IMPLICIT_RETAIN_SELF = YES;
				CLANG_WARN_OBJC_LITERAL_CONVERSION = YES;
				CLANG_WARN_OBJC_ROOT_CLASS = YES_ERROR;
				CLANG_WARN_QUOTED_INCLUDE_IN_FRAMEWORK_HEADER = YES;
				CLANG_WARN_RANGE_LOOP_ANALYSIS = YES;
				CLANG_WARN_STRICT_PROTOTYPES = YES;
				CLANG_WARN_SUSPICIOUS_MOVE = YES;
				CLANG_WARN_UNGUARDED_AVAILABILITY = YES_AGGRESSIVE;
				CLANG_WARN_UNREACHABLE_CODE = YES;
				CLANG_WARN__DUPLICATE_METHOD_MATCH = YES;
				COPY_PHASE_STRIP = NO;
				DEAD_CODE_STRIPPING = YES;
				DEBUG_INFORMATION_FORMAT = "dwarf-with-dsym";
				ENABLE_NS_ASSERTIONS = NO;
				ENABLE_STRICT_OBJC_MSGSEND = YES;
				GCC_C_LANGUAGE_STANDARD = gnu11;
				GCC_NO_COMMON_BLOCKS = YES;
				GCC_WARN_64_TO_32_BIT_CONVERSION = YES;
				GCC_WARN_ABOUT_RETURN_TYPE = YES_ERROR;
				GCC_WARN_UNDECLARED_SELECTOR = YES;
				GCC_WARN_UNINITIALIZED_AUTOS = YES_AGGRESSIVE;
				GCC_WARN_UNUSED_FUNCTION = YES;
				GCC_WARN_UNUSED_VARIABLE = YES;
				MTL_ENABLE_DEBUG_INFO = NO;
				PRODUCT_NAME = "$(TARGET_NAME)";
				VALIDATE_PRODUCT = YES;
			};
			name = Release;
		};
		B3FBCEEFAC9232BC2979FF57 /* Debug */ = {
			isa = XCBuildConfiguration;
			buildSettings = {
				ALWAYS_SEARCH_USER_PATHS = NO;
				CLANG_ANALYZER_LOCALIZABILITY_NONLOCALIZED = YES;
				CLANG_ANALYZER_NONNULL = YES;
				CLANG_ANALYZER_NUMBER_OBJECT_CONVERSION = YES_AGGRESSIVE;
				CLANG_CXX_LANGUAGE_STANDARD = "gnu++14";
				CLANG_CXX_LIBRARY = "libc++";
				CLANG_ENABLE_MODULES = YES;
				CLANG_ENABLE_OBJC_ARC = YES;
				CLANG_ENABLE_OBJC_WEAK = YES;
				CLANG_WARN_BLOCK_CAPTURE_AUTORELEASING = YES;
				CLANG_WARN_BOOL_CONVERSION = YES;
				CLANG_WARN_COMMA = YES;
				CLANG_WARN_CONSTANT_CONVERSION = YES;
				CLANG_WARN_DEPRECATED_OBJC_IMPLEMENTATIONS = YES;
				CLANG_WARN_DIRECT_OBJC_ISA_USAGE = YES_ERROR;
				CLANG_WARN_DOCUMENTATION_COMMENTS = YES;
				CLANG_WARN_EMPTY_BODY = YES;
				CLANG_WARN_ENUM_CONVERSION = YES;
				CLANG_WARN_INFINITE_RECURSION = YES;
				CLANG_WARN_INT_CONVERSION = YES;
				CLANG_WARN_NON_LITERAL_NULL_CONVERSION = YES;
				CLANG_WARN_OBJC_IMPLICIT_RETAIN_SELF = YES;
				CLANG_WARN_OBJC_LITERAL_CONVERSION = YES;
				CLANG_WARN_OBJC_ROOT_CLASS = YES_ERROR;
				CLANG_WARN_QUOTED_INCLUDE_IN_FRAMEWORK_HEADER = YES;
				CLANG_WARN_RANGE_LOOP_ANALYSIS = YES;
				CLANG_WARN_STRICT_PROTOTYPES = YES;
				CLANG_WARN_SUSPICIOUS_MOVE = YES;
				CLANG_WARN_UNGUARDED_AVAILABILITY = YES_AGGRESSIVE;
				CLANG_WARN_UNREACHABLE_CODE = YES;
				CLANG_WARN__DUPLICATE_METHOD_MATCH = YES;
				COPY_PHASE_STRIP = NO;
				DEAD_CODE_STRIPPING = YES;
				DEBUG_INFORMATION_FORMAT = dwarf;
				ENABLE_STRICT_OBJC_MSGSEND = YES;
				ENABLE_TESTABILITY = YES;
				GCC_C_LANGUAGE_STANDARD = gnu11;
				GCC_DYNAMIC_NO_PIC = NO;
				GCC_NO_COMMON_BLOCKS = YES;
				GCC_OPTIMIZATION_LEVEL = 0;
				GCC_PREPROCESSOR_DEFINITIONS = (
					"DEBUG=1",
					"$(inherited)",
				);
				GCC_WARN_64_TO_32_BIT_CONVERSION = YES;
				GCC_WARN_ABOUT_RETURN_TYPE = YES_ERROR;
				GCC_WARN_UNDECLARED_SELECTOR = YES;
				GCC_WARN_UNINITIALIZED_AUTOS = YES_AGGRESSIVE;
				GCC_WARN_UNUSED_FUNCTION = YES;
				GCC_WARN_UNUSED_VARIABLE = YES;
				MTL_ENABLE_DEBUG_INFO = YES;
				ONLY_ACTIVE_ARCH = YES;
				PRODUCT_NAME = "$(TARGET_NAME)";
			};
			name = Debug;
		};
/* End XCBuildConfiguration section */

/* Begin XCConfigurationList section */
		417F255DFE919FCC3DE3D548 /* Build configuration list for PBXProject "getOfferOfDream" */ = {
			isa = XCConfigurationList;
			buildConfigurations = (
				B3FBCEEFAC9232BC2979FF57 /* Debug */,
				4FBE04597A8BD4371861EF23 /* Release */,
			);
			defaultConfigurationIsVisible = 0;
			defaultConfigurationName = Release;
		};
		AFF069B5DC6EB9FC85B4D92E /* Build configuration list for PBXNativeTarget "getOfferOfDream" */ = {
			isa = XCConfigurationList;
			buildConfigurations = (
				0A9CAE85F0AD37B1E12BECE1 /* Debug */,
				3B5B54EAA5F659D837C9F9E2 /* Release */,
			);
			defaultConfigurationIsVisible = 0;
			defaultConfigurationName = Release;
		};
/* End XCConfigurationList section */
	};
	rootObject = BBC4F70DBEC0F4D09450DEEA /* Project object */;
}
